
Microsoft Visual Studio Solution File, Format Version 12.00
# Visual Studio Version 16
VisualStudioVersion = 16.0.31205.134
MinimumVisualStudioVersion = 10.0.40219.1
Project("{FAE04EC0-301F-11D3-BF4B-00C04F79EFBC}") = "SocialMedia.Api", "SocialMedia.Api\SocialMedia.Api.csproj", "{77DF74FB-7FE5-4F70-A44F-E9ED5200A2E3}"
EndProject
Project("{FAE04EC0-301F-11D3-BF4B-00C04F79EFBC}") = "SocialMedia.Core", "SocialMedia.Core\SocialMedia.Core.csproj", "{11F15594-BF76-4F74-9118-DFFAD4BE2393}"
EndProject
Project("{FAE04EC0-301F-11D3-BF4B-00C04F79EFBC}") = "SocialMedia.Infrastructure", "SocialMedia.Infrastructure\SocialMedia.Infrastructure.csproj", "{A0346A38-41E0-4719-9935-6C036D1BAB4F}"
EndProject
Project("{2150E333-8FDC-42A3-9474-1A3956D46DE8}") = "Tests", "Tests", "{C18BD987-EEF6-479A-BD7B-D0A41864FAD0}"
EndProject
Project("{FAE04EC0-301F-11D3-BF4B-00C04F79EFBC}") = "SocialMedia.UnitTests", "SocialMedia.UnitTests\SocialMedia.UnitTests.csproj", "{5FCD8075-0B26-4247-B1A0-7DD44FE9E44F}"
EndProject
Project("{FAE04EC0-301F-11D3-BF4B-00C04F79EFBC}") = "SocialMedia.IntegrationTests", "SocialMedia.IntegrationTests\SocialMedia.IntegrationTests.csproj", "{60E5EBB9-EC0C-43C7-A38F-90999F59EC1E}"
EndProject
Global
	GlobalSection(SolutionConfigurationPlatforms) = preSolution
		Debug|Any CPU = Debug|Any CPU
		Release|Any CPU = Release|Any CPU
	EndGlobalSection
	GlobalSection(ProjectConfigurationPlatforms) = postSolution
		{77DF74FB-7FE5-4F70-A44F-E9ED5200A2E3}.Debug|Any CPU.ActiveCfg = Debug|Any CPU
		{77DF74FB-7FE5-4F70-A44F-E9ED5200A2E3}.Debug|Any CPU.Build.0 = Debug|Any CPU
		{77DF74FB-7FE5-4F70-A44F-E9ED5200A2E3}.Release|Any CPU.ActiveCfg = Release|Any CPU
		{77DF74FB-7FE5-4F70-A44F-E9ED5200A2E3}.Release|Any CPU.Build.0 = Release|Any CPU
		{11F15594-BF76-4F74-9118-DFFAD4BE2393}.Debug|Any CPU.ActiveCfg = Debug|Any CPU
		{11F15594-BF76-4F74-9118-DFFAD4BE2393}.Debug|Any CPU.Build.0 = Debug|Any CPU
		{11F15594-BF76-4F74-9118-DFFAD4BE2393}.Release|Any CPU.ActiveCfg = Release|Any CPU
		{11F15594-BF76-4F74-9118-DFFAD4BE2393}.Release|Any CPU.Build.0 = Release|Any CPU
		{A0346A38-41E0-4719-9935-6C036D1BAB4F}.Debug|Any CPU.ActiveCfg = Debug|Any CPU
		{A0346A38-41E0-4719-9935-6C036D1BAB4F}.Debug|Any CPU.Build.0 = Debug|Any CPU
		{A0346A38-41E0-4719-9935-6C036D1BAB4F}.Release|Any CPU.ActiveCfg = Release|Any CPU
		{A0346A38-41E0-4719-9935-6C036D1BAB4F}.Release|Any CPU.Build.0 = Release|Any CPU
		{5FCD8075-0B26-4247-B1A0-7DD44FE9E44F}.Debug|Any CPU.ActiveCfg = Debug|Any CPU
		{5FCD8075-0B26-4247-B1A0-7DD44FE9E44F}.Debug|Any CPU.Build.0 = Debug|Any CPU
		{5FCD8075-0B26-4247-B1A0-7DD44FE9E44F}.Release|Any CPU.ActiveCfg = Release|Any CPU
		{5FCD8075-0B26-4247-B1A0-7DD44FE9E44F}.Release|Any CPU.Build.0 = Release|Any CPU
		{60E5EBB9-EC0C-43C7-A38F-90999F59EC1E}.Debug|Any CPU.ActiveCfg = Debug|Any CPU
		{60E5EBB9-EC0C-43C7-A38F-90999F59EC1E}.Debug|Any CPU.Build.0 = Debug|Any CPU
		{60E5EBB9-EC0C-43C7-A38F-90999F59EC1E}.Release|Any CPU.ActiveCfg = Release|Any CPU
		{60E5EBB9-EC0C-43C7-A38F-90999F59EC1E}.Release|Any CPU.Build.0 = Release|Any CPU
	EndGlobalSection
	GlobalSection(SolutionProperties) = preSolution
		HideSolutionNode = FALSE
	EndGlobalSection
	GlobalSection(NestedProjects) = preSolution
		{5FCD8075-0B26-4247-B1A0-7DD44FE9E44F} = {C18BD987-EEF6-479A-BD7B-D0A41864FAD0}
		{60E5EBB9-EC0C-43C7-A38F-90999F59EC1E} = {C18BD987-EEF6-479A-BD7B-D0A41864FAD0}
	EndGlobalSection
	GlobalSection(ExtensibilityGlobals) = postSolution
		SolutionGuid = {91EE2B24-1BFB-4337-BA29-50BCE2D556FC}
	EndGlobalSection
EndGlobal
